<?xml version="1.0" encoding="utf-8"?>
<Project ToolsVersion="4.0" xmlns="http://schemas.microsoft.com/developer/msbuild/2003">
  <ItemGroup>
    <Filter Include="소스 파일">
      <UniqueIdentifier>{4FC737F1-C7A5-4376-A066-2A32D752A2FF}</UniqueIdentifier>
      <Extensions>cpp;c;cc;cxx;c++;cppm;ixx;def;odl;idl;hpj;bat;asm;asmx</Extensions>
    </Filter>
    <Filter Include="헤더 파일">
      <UniqueIdentifier>{93995380-89BD-4b04-88EB-625FBE52EBFB}</UniqueIdentifier>
      <Extensions>h;hh;hpp;hxx;h++;hm;inl;inc;ipp;xsd</Extensions>
    </Filter>
    <Filter Include="리소스 파일">
      <UniqueIdentifier>{67DA6AB6-F800-4c08-8B7A-83BB121AAD01}</UniqueIdentifier>
      <Extensions>rc;ico;cur;bmp;dlg;rc2;rct;bin;rgs;gif;jpg;jpeg;jpe;resx;tiff;tif;png;wav;mfcribbon-ms</Extensions>
    </Filter>
    <Filter Include="소스 파일\ch01">
      <UniqueIdentifier>{2a274d01-bda1-40e8-864c-50d97517fc25}</UniqueIdentifier>
    </Filter>
    <Filter Include="소스 파일\ch02">
      <UniqueIdentifier>{6b52b7a0-0ba7-4afd-97a4-1fab0f874205}</UniqueIdentifier>
    </Filter>
    <Filter Include="소스 파일\ch03">
      <UniqueIdentifier>{ad1aa8ce-ede9-49a6-b1e1-27876023d875}</UniqueIdentifier>
    </Filter>
    <Filter Include="소스 파일\ch04">
      <UniqueIdentifier>{94f07959-b8fd-4ce4-b412-ff870df2a828}</UniqueIdentifier>
    </Filter>
    <Filter Include="소스 파일\ch05">
      <UniqueIdentifier>{45e08f8c-f541-49b8-8632-af69bb9bc95b}</UniqueIdentifier>
    </Filter>
    <Filter Include="소스 파일\ch06">
      <UniqueIdentifier>{e4322aac-1e10-43e8-a463-4277b8243199}</UniqueIdentifier>
    </Filter>
  </ItemGroup>
  <ItemGroup>
    <ClCompile Include="PrimeNumber.c">
      <Filter>소스 파일\ch01</Filter>
    </ClCompile>
    <ClCompile Include="MagicCard.c">
      <Filter>소스 파일\ch01</Filter>
    </ClCompile>
    <ClCompile Include="factorial.c">
      <Filter>소스 파일\ch01</Filter>
    </ClCompile>
    <ClCompile Include="HanoiTower.c">
      <Filter>소스 파일\ch01</Filter>
    </ClCompile>
    <ClCompile Include="HanoiTowerTest.c">
      <Filter>소스 파일\ch01</Filter>
    </ClCompile>
    <ClCompile Include="array1.c">
      <Filter>소스 파일\ch02</Filter>
    </ClCompile>
    <ClCompile Include="PointerAndAarray.c">
      <Filter>소스 파일\ch02</Filter>
    </ClCompile>
    <ClCompile Include="LinkedList1.c">
      <Filter>소스 파일\ch03</Filter>
    </ClCompile>
    <ClCompile Include="LinkedList2.c">
      <Filter>소스 파일\ch03</Filter>
    </ClCompile>
    <ClCompile Include="StackArray.c">
      <Filter>소스 파일\ch04</Filter>
    </ClCompile>
    <ClCompile Include="StackLinkedList.c">
      <Filter>소스 파일\ch04</Filter>
    </ClCompile>
    <ClCompile Include="MazeSearch.c">
      <Filter>소스 파일\ch04</Filter>
    </ClCompile>
    <ClCompile Include="recursiveBacktracking.c">
      <Filter>소스 파일\ch04</Filter>
    </ClCompile>
    <ClCompile Include="LinearQueueArray.c">
      <Filter>소스 파일\ch05</Filter>
    </ClCompile>
    <ClCompile Include="CircularQueueArray.c">
      <Filter>소스 파일\ch05</Filter>
    </ClCompile>
    <ClCompile Include="LeftRightBalancedTree.c">
      <Filter>소스 파일\ch06</Filter>
    </ClCompile>
    <ClCompile Include="LinearQueueLinkedList.c">
      <Filter>소스 파일\ch05</Filter>
    </ClCompile>
  </ItemGroup>
  <ItemGroup>
    <ClInclude Include="array2.c">
      <Filter>소스 파일\ch02</Filter>
    </ClInclude>
  </ItemGroup>
</Project>